// !$*UTF8*$!
{
	archiveVersion = 1;
	classes = {
	};
	objectVersion = 56;
	objects = {

/* Begin PBXBuildFile section */
		040675D7587BF59FCE423BA2 /* Pods_test_usercmp.framework in Frameworks */ = {isa = PBXBuildFile; fileRef = CBAC8D36BAF71518305A03A0 /* Pods_test_usercmp.framework */; };
		ABB17BEC2C9420A90078FDA2 /* AppDelegate.m in Sources */ = {isa = PBXBuildFile; fileRef = ABB17BEB2C9420A90078FDA2 /* AppDelegate.m */; };
		ABB17BEF2C9420A90078FDA2 /* SceneDelegate.m in Sources */ = {isa = PBXBuildFile; fileRef = ABB17BEE2C9420A90078FDA2 /* SceneDelegate.m */; };
		ABB17BF22C9420AA0078FDA2 /* ViewController.m in Sources */ = {isa = PBXBuildFile; fileRef = ABB17BF12C9420AA0078FDA2 /* ViewController.m */; };
		ABB17BF52C9420AA0078FDA2 /* Base in Resources */ = {isa = PBXBuildFile; fileRef = ABB17BF42C9420AA0078FDA2 /* Base */; };
		ABB17BF72C9420AB0078FDA2 /* Assets.xcassets in Resources */ = {isa = PBXBuildFile; fileRef = ABB17BF62C9420AB0078FDA2 /* Assets.xcassets */; };
		ABB17BFA2C9420AB0078FDA2 /* Base in Resources */ = {isa = PBXBuildFile; fileRef = ABB17BF92C9420AB0078FDA2 /* Base */; };
		ABB17BFD2C9420AB0078FDA2 /* main.m in Sources */ = {isa = PBXBuildFile; fileRef = ABB17BFC2C9420AB0078FDA2 /* main.m */; };
		ABB17C052C94249A0078FDA2 /* File.swift in Sources */ = {isa = PBXBuildFile; fileRef = ABB17C042C9424990078FDA2 /* File.swift */; };
		ABB17C072C9428230078FDA2 /* def_usercentrics_ios.m in Sources */ = {isa = PBXBuildFile; fileRef = ABB17C062C9428230078FDA2 /* def_usercentrics_ios.m */; };
		ABB17C672C94559E0078FDA2 /* usercentricsbridge.framework in Frameworks */ = {isa = PBXBuildFile; fileRef = ABB17C662C94559E0078FDA2 /* usercentricsbridge.framework */; };
		ABB17C682C94559E0078FDA2 /* usercentricsbridge.framework in Embed Frameworks */ = {isa = PBXBuildFile; fileRef = ABB17C662C94559E0078FDA2 /* usercentricsbridge.framework */; settings = {ATTRIBUTES = (CodeSignOnCopy, RemoveHeadersOnCopy, ); }; };
/* End PBXBuildFile section */

/* Begin PBXCopyFilesBuildPhase section */
		ABB17C692C94559E0078FDA2 /* Embed Frameworks */ = {
			isa = PBXCopyFilesBuildPhase;
			buildActionMask = 2147483647;
			dstPath = "";
			dstSubfolderSpec = 10;
			files = (
				ABB17C682C94559E0078FDA2 /* usercentricsbridge.framework in Embed Frameworks */,
			);
			name = "Embed Frameworks";
			runOnlyForDeploymentPostprocessing = 0;
		};
/* End PBXCopyFilesBuildPhase section */

/* Begin PBXFileReference section */
		ABB17BE72C9420A90078FDA2 /* test_usercmp.app */ = {isa = PBXFileReference; explicitFileType = wrapper.application; includeInIndex = 0; path = test_usercmp.app; sourceTree = BUILT_PRODUCTS_DIR; };
		ABB17BEA2C9420A90078FDA2 /* AppDelegate.h */ = {isa = PBXFileReference; lastKnownFileType = sourcecode.c.h; path = AppDelegate.h; sourceTree = "<group>"; };
		ABB17BEB2C9420A90078FDA2 /* AppDelegate.m */ = {isa = PBXFileReference; lastKnownFileType = sourcecode.c.objc; path = AppDelegate.m; sourceTree = "<group>"; };
		ABB17BED2C9420A90078FDA2 /* SceneDelegate.h */ = {isa = PBXFileReference; lastKnownFileType = sourcecode.c.h; path = SceneDelegate.h; sourceTree = "<group>"; };
		ABB17BEE2C9420A90078FDA2 /* SceneDelegate.m */ = {isa = PBXFileReference; lastKnownFileType = sourcecode.c.objc; path = SceneDelegate.m; sourceTree = "<group>"; };
		ABB17BF02C9420AA0078FDA2 /* ViewController.h */ = {isa = PBXFileReference; lastKnownFileType = sourcecode.c.h; path = ViewController.h; sourceTree = "<group>"; };
		ABB17BF12C9420AA0078FDA2 /* ViewController.m */ = {isa = PBXFileReference; lastKnownFileType = sourcecode.c.objc; path = ViewController.m; sourceTree = "<group>"; };
		ABB17BF42C9420AA0078FDA2 /* Base */ = {isa = PBXFileReference; lastKnownFileType = file.storyboard; name = Base; path = Base.lproj/Main.storyboard; sourceTree = "<group>"; };
		ABB17BF62C9420AB0078FDA2 /* Assets.xcassets */ = {isa = PBXFileReference; lastKnownFileType = folder.assetcatalog; path = Assets.xcassets; sourceTree = "<group>"; };
		ABB17BF92C9420AB0078FDA2 /* Base */ = {isa = PBXFileReference; lastKnownFileType = file.storyboard; name = Base; path = Base.lproj/LaunchScreen.storyboard; sourceTree = "<group>"; };
		ABB17BFB2C9420AB0078FDA2 /* Info.plist */ = {isa = PBXFileReference; lastKnownFileType = text.plist.xml; path = Info.plist; sourceTree = "<group>"; };
		ABB17BFC2C9420AB0078FDA2 /* main.m */ = {isa = PBXFileReference; lastKnownFileType = sourcecode.c.objc; path = main.m; sourceTree = "<group>"; };
		ABB17C032C9424990078FDA2 /* test_usercmp-Bridging-Header.h */ = {isa = PBXFileReference; lastKnownFileType = sourcecode.c.h; path = "test_usercmp-Bridging-Header.h"; sourceTree = "<group>"; };
		ABB17C042C9424990078FDA2 /* File.swift */ = {isa = PBXFileReference; lastKnownFileType = sourcecode.swift; path = File.swift; sourceTree = "<group>"; };
		ABB17C062C9428230078FDA2 /* def_usercentrics_ios.m */ = {isa = PBXFileReference; lastKnownFileType = sourcecode.c.objc; path = def_usercentrics_ios.m; sourceTree = "<group>"; };
		ABB17C082C9429BF0078FDA2 /* def_usercentrics_ios.h */ = {isa = PBXFileReference; lastKnownFileType = sourcecode.c.h; path = def_usercentrics_ios.h; sourceTree = "<group>"; };
		ABB17C662C94559E0078FDA2 /* usercentricsbridge.framework */ = {isa = PBXFileReference; explicitFileType = wrapper.framework; path = usercentricsbridge.framework; sourceTree = BUILT_PRODUCTS_DIR; };
		B2BADB52499433E82B4F4B28 /* Pods-test_usercmp.debug.xcconfig */ = {isa = PBXFileReference; includeInIndex = 1; lastKnownFileType = text.xcconfig; name = "Pods-test_usercmp.debug.xcconfig"; path = "Target Support Files/Pods-test_usercmp/Pods-test_usercmp.debug.xcconfig"; sourceTree = "<group>"; };
		CBAC8D36BAF71518305A03A0 /* Pods_test_usercmp.framework */ = {isa = PBXFileReference; explicitFileType = wrapper.framework; includeInIndex = 0; path = Pods_test_usercmp.framework; sourceTree = BUILT_PRODUCTS_DIR; };
		F85B81D98198859831C7290C /* Pods-test_usercmp.release.xcconfig */ = {isa = PBXFileReference; includeInIndex = 1; lastKnownFileType = text.xcconfig; name = "Pods-test_usercmp.release.xcconfig"; path = "Target Support Files/Pods-test_usercmp/Pods-test_usercmp.release.xcconfig"; sourceTree = "<group>"; };
/* End PBXFileReference section */

/* Begin PBXFrameworksBuildPhase section */
		ABB17BE42C9420A90078FDA2 /* Frameworks */ = {
			isa = PBXFrameworksBuildPhase;
			buildActionMask = 2147483647;
			files = (
				040675D7587BF59FCE423BA2 /* Pods_test_usercmp.framework in Frameworks */,
				ABB17C672C94559E0078FDA2 /* usercentricsbridge.framework in Frameworks */,
			);
			runOnlyForDeploymentPostprocessing = 0;
		};
/* End PBXFrameworksBuildPhase section */

/* Begin PBXGroup section */
		ABB17BDE2C9420A90078FDA2 = {
			isa = PBXGroup;
			children = (
				ABB17BE92C9420A90078FDA2 /* test_usercmp */,
				ABB17BE82C9420A90078FDA2 /* Products */,
				DB1823EB105D6C9DFD730C46 /* Pods */,
				F5DA576F7B1F3BE05FF13EFD /* Frameworks */,
			);
			sourceTree = "<group>";
		};
		ABB17BE82C9420A90078FDA2 /* Products */ = {
			isa = PBXGroup;
			children = (
				ABB17BE72C9420A90078FDA2 /* test_usercmp.app */,
			);
			name = Products;
			sourceTree = "<group>";
		};
		ABB17BE92C9420A90078FDA2 /* test_usercmp */ = {
			isa = PBXGroup;
			children = (
				ABB17BEA2C9420A90078FDA2 /* AppDelegate.h */,
				ABB17BEB2C9420A90078FDA2 /* AppDelegate.m */,
				ABB17BED2C9420A90078FDA2 /* SceneDelegate.h */,
				ABB17BEE2C9420A90078FDA2 /* SceneDelegate.m */,
				ABB17BF02C9420AA0078FDA2 /* ViewController.h */,
				ABB17BF12C9420AA0078FDA2 /* ViewController.m */,
				ABB17BF32C9420AA0078FDA2 /* Main.storyboard */,
				ABB17BF62C9420AB0078FDA2 /* Assets.xcassets */,
				ABB17BF82C9420AB0078FDA2 /* LaunchScreen.storyboard */,
				ABB17BFB2C9420AB0078FDA2 /* Info.plist */,
				ABB17BFC2C9420AB0078FDA2 /* main.m */,
				ABB17C042C9424990078FDA2 /* File.swift */,
				ABB17C032C9424990078FDA2 /* test_usercmp-Bridging-Header.h */,
				ABB17C062C9428230078FDA2 /* def_usercentrics_ios.m */,
				ABB17C082C9429BF0078FDA2 /* def_usercentrics_ios.h */,
			);
			path = test_usercmp;
			sourceTree = "<group>";
		};
		DB1823EB105D6C9DFD730C46 /* Pods */ = {
			isa = PBXGroup;
			children = (
				B2BADB52499433E82B4F4B28 /* Pods-test_usercmp.debug.xcconfig */,
				F85B81D98198859831C7290C /* Pods-test_usercmp.release.xcconfig */,
			);
			path = Pods;
			sourceTree = "<group>";
		};
		F5DA576F7B1F3BE05FF13EFD /* Frameworks */ = {
			isa = PBXGroup;
			children = (
				ABB17C662C94559E0078FDA2 /* usercentricsbridge.framework */,
				CBAC8D36BAF71518305A03A0 /* Pods_test_usercmp.framework */,
			);
			name = Frameworks;
			sourceTree = "<group>";
		};
/* End PBXGroup section */

/* Begin PBXNativeTarget section */
		ABB17BE62C9420A90078FDA2 /* test_usercmp */ = {
			isa = PBXNativeTarget;
			buildConfigurationList = ABB17C002C9420AB0078FDA2 /* Build configuration list for PBXNativeTarget "test_usercmp" */;
			buildPhases = (
				4744C64D00CC86CE7F345D01 /* [CP] Check Pods Manifest.lock */,
				ABB17BE32C9420A90078FDA2 /* Sources */,
				ABB17BE42C9420A90078FDA2 /* Frameworks */,
				ABB17BE52C9420A90078FDA2 /* Resources */,
				AE7BD4AAE08677A52375A8A8 /* [CP] Embed Pods Frameworks */,
				8E6A615D5831CD4F1AFC7900 /* [CP] Copy Pods Resources */,
				ABB17C692C94559E0078FDA2 /* Embed Frameworks */,
			);
			buildRules = (
			);
			dependencies = (
			);
			name = test_usercmp;
			productName = test_usercmp;
			productReference = ABB17BE72C9420A90078FDA2 /* test_usercmp.app */;
			productType = "com.apple.product-type.application";
		};
/* End PBXNativeTarget section */

/* Begin PBXProject section */
		ABB17BDF2C9420A90078FDA2 /* Project object */ = {
			isa = PBXProject;
			attributes = {
				BuildIndependentTargetsInParallel = 1;
				LastUpgradeCheck = 1540;
				TargetAttributes = {
					ABB17BE62C9420A90078FDA2 = {
						CreatedOnToolsVersion = 15.4;
						LastSwiftMigration = 1540;
					};
				};
			};
			buildConfigurationList = ABB17BE22C9420A90078FDA2 /* Build configuration list for PBXProject "test_usercmp" */;
			compatibilityVersion = "Xcode 14.0";
			developmentRegion = en;
			hasScannedForEncodings = 0;
			knownRegions = (
				en,
				Base,
			);
			mainGroup = ABB17BDE2C9420A90078FDA2;
			productRefGroup = ABB17BE82C9420A90078FDA2 /* Products */;
			projectDirPath = "";
			projectRoot = "";
			targets = (
				ABB17BE62C9420A90078FDA2 /* test_usercmp */,
			);
		};
/* End PBXProject section */

/* Begin PBXResourcesBuildPhase section */
		ABB17BE52C9420A90078FDA2 /* Resources */ = {
			isa = PBXResourcesBuildPhase;
			buildActionMask = 2147483647;
			files = (
				ABB17BF72C9420AB0078FDA2 /* Assets.xcassets in Resources */,
				ABB17BFA2C9420AB0078FDA2 /* Base in Resources */,
				ABB17BF52C9420AA0078FDA2 /* Base in Resources */,
			);
			runOnlyForDeploymentPostprocessing = 0;
		};
/* End PBXResourcesBuildPhase section */

/* Begin PBXShellScriptBuildPhase section */
		4744C64D00CC86CE7F345D01 /* [CP] Check Pods Manifest.lock */ = {
			isa = PBXShellScriptBuildPhase;
			buildActionMask = 2147483647;
			files = (
			);
			inputFileListPaths = (
			);
			inputPaths = (
				"${PODS_PODFILE_DIR_PATH}/Podfile.lock",
				"${PODS_ROOT}/Manifest.lock",
			);
			name = "[CP] Check Pods Manifest.lock";
			outputFileListPaths = (
			);
			outputPaths = (
				"$(DERIVED_FILE_DIR)/Pods-test_usercmp-checkManifestLockResult.txt",
			);
			runOnlyForDeploymentPostprocessing = 0;
			shellPath = /bin/sh;
			shellScript = "diff \"${PODS_PODFILE_DIR_PATH}/Podfile.lock\" \"${PODS_ROOT}/Manifest.lock\" > /dev/null\nif [ $? != 0 ] ; then\n    # print error to STDERR\n    echo \"error: The sandbox is not in sync with the Podfile.lock. Run 'pod install' or update your CocoaPods installation.\" >&2\n    exit 1\nfi\n# This output is used by Xcode 'outputs' to avoid re-running this script phase.\necho \"SUCCESS\" > \"${SCRIPT_OUTPUT_FILE_0}\"\n";
			showEnvVarsInLog = 0;
		};
		8E6A615D5831CD4F1AFC7900 /* [CP] Copy Pods Resources */ = {
			isa = PBXShellScriptBuildPhase;
			buildActionMask = 2147483647;
			files = (
			);
			inputFileListPaths = (
				"${PODS_ROOT}/Target Support Files/Pods-test_usercmp/Pods-test_usercmp-resources-${CONFIGURATION}-input-files.xcfilelist",
			);
			name = "[CP] Copy Pods Resources";
			outputFileListPaths = (
				"${PODS_ROOT}/Target Support Files/Pods-test_usercmp/Pods-test_usercmp-resources-${CONFIGURATION}-output-files.xcfilelist",
			);
			runOnlyForDeploymentPostprocessing = 0;
			shellPath = /bin/sh;
			shellScript = "\"${PODS_ROOT}/Target Support Files/Pods-test_usercmp/Pods-test_usercmp-resources.sh\"\n";
			showEnvVarsInLog = 0;
		};
		AE7BD4AAE08677A52375A8A8 /* [CP] Embed Pods Frameworks */ = {
			isa = PBXShellScriptBuildPhase;
			buildActionMask = 2147483647;
			files = (
			);
			inputFileListPaths = (
				"${PODS_ROOT}/Target Support Files/Pods-test_usercmp/Pods-test_usercmp-frameworks-${CONFIGURATION}-input-files.xcfilelist",
			);
			name = "[CP] Embed Pods Frameworks";
			outputFileListPaths = (
				"${PODS_ROOT}/Target Support Files/Pods-test_usercmp/Pods-test_usercmp-frameworks-${CONFIGURATION}-output-files.xcfilelist",
			);
			runOnlyForDeploymentPostprocessing = 0;
			shellPath = /bin/sh;
			shellScript = "\"${PODS_ROOT}/Target Support Files/Pods-test_usercmp/Pods-test_usercmp-frameworks.sh\"\n";
			showEnvVarsInLog = 0;
		};
/* End PBXShellScriptBuildPhase section */

/* Begin PBXSourcesBuildPhase section */
		ABB17BE32C9420A90078FDA2 /* Sources */ = {
			isa = PBXSourcesBuildPhase;
			buildActionMask = 2147483647;
			files = (
				ABB17C052C94249A0078FDA2 /* File.swift in Sources */,
				ABB17BF22C9420AA0078FDA2 /* ViewController.m in Sources */,
				ABB17BEC2C9420A90078FDA2 /* AppDelegate.m in Sources */,
				ABB17C072C9428230078FDA2 /* def_usercentrics_ios.m in Sources */,
				ABB17BFD2C9420AB0078FDA2 /* main.m in Sources */,
				ABB17BEF2C9420A90078FDA2 /* SceneDelegate.m in Sources */,
			);
			runOnlyForDeploymentPostprocessing = 0;
		};
/* End PBXSourcesBuildPhase section */

/* Begin PBXVariantGroup section */
		ABB17BF32C9420AA0078FDA2 /* Main.storyboard */ = {
			isa = PBXVariantGroup;
			children = (
				ABB17BF42C9420AA0078FDA2 /* Base */,
			);
			name = Main.storyboard;
			sourceTree = "<group>";
		};
		ABB17BF82C9420AB0078FDA2 /* LaunchScreen.storyboard */ = {
			isa = PBXVariantGroup;
			children = (
				ABB17BF92C9420AB0078FDA2 /* Base */,
			);
			name = LaunchScreen.storyboard;
			sourceTree = "<group>";
		};
/* End PBXVariantGroup section */

/* Begin XCBuildConfiguration section */
		ABB17BFE2C9420AB0078FDA2 /* Debug */ = {
			isa = XCBuildConfiguration;
			buildSettings = {
				ALWAYS_SEARCH_USER_PATHS = NO;
				ASSETCATALOG_COMPILER_GENERATE_SWIFT_ASSET_SYMBOL_EXTENSIONS = YES;
				CLANG_ANALYZER_NONNULL = YES;
				CLANG_ANALYZER_NUMBER_OBJECT_CONVERSION = YES_AGGRESSIVE;
				CLANG_CXX_LANGUAGE_STANDARD = "gnu++20";
				CLANG_ENABLE_MODULES = YES;
				CLANG_ENABLE_OBJC_ARC = YES;
				CLANG_ENABLE_OBJC_WEAK = YES;
				CLANG_WARN_BLOCK_CAPTURE_AUTORELEASING = YES;
				CLANG_WARN_BOOL_CONVERSION = YES;
				CLANG_WARN_COMMA = YES;
				CLANG_WARN_CONSTANT_CONVERSION = YES;
				CLANG_WARN_DEPRECATED_OBJC_IMPLEMENTATIONS = YES;
				CLANG_WARN_DIRECT_OBJC_ISA_USAGE = YES_ERROR;
				CLANG_WARN_DOCUMENTATION_COMMENTS = YES;
				CLANG_WARN_EMPTY_BODY = YES;
				CLANG_WARN_ENUM_CONVERSION = YES;
				CLANG_WARN_INFINITE_RECURSION = YES;
				CLANG_WARN_INT_CONVERSION = YES;
				CLANG_WARN_NON_LITERAL_NULL_CONVERSION = YES;
				CLANG_WARN_OBJC_IMPLICIT_RETAIN_SELF = YES;
				CLANG_WARN_OBJC_LITERAL_CONVERSION = YES;
				CLANG_WARN_OBJC_ROOT_CLASS = YES_ERROR;
				CLANG_WARN_QUOTED_INCLUDE_IN_FRAMEWORK_HEADER = YES;
				CLANG_WARN_RANGE_LOOP_ANALYSIS = YES;
				CLANG_WARN_STRICT_PROTOTYPES = YES;
				CLANG_WARN_SUSPICIOUS_MOVE = YES;
				CLANG_WARN_UNGUARDED_AVAILABILITY = YES_AGGRESSIVE;
				CLANG_WARN_UNREACHABLE_CODE = YES;
				CLANG_WARN__DUPLICATE_METHOD_MATCH = YES;
				COPY_PHASE_STRIP = NO;
				DEBUG_INFORMATION_FORMAT = dwarf;
				ENABLE_STRICT_OBJC_MSGSEND = YES;
				ENABLE_TESTABILITY = YES;
				ENABLE_USER_SCRIPT_SANDBOXING = NO;
				GCC_C_LANGUAGE_STANDARD = gnu17;
				GCC_DYNAMIC_NO_PIC = NO;
				GCC_NO_COMMON_BLOCKS = YES;
				GCC_OPTIMIZATION_LEVEL = 0;
				GCC_PREPROCESSOR_DEFINITIONS = (
					"DEBUG=1",
					"$(inherited)",
				);
				GCC_WARN_64_TO_32_BIT_CONVERSION = YES;
				GCC_WARN_ABOUT_RETURN_TYPE = YES_ERROR;
				GCC_WARN_UNDECLARED_SELECTOR = YES;
				GCC_WARN_UNINITIALIZED_AUTOS = YES_AGGRESSIVE;
				GCC_WARN_UNUSED_FUNCTION = YES;
				GCC_WARN_UNUSED_VARIABLE = YES;
				IPHONEOS_DEPLOYMENT_TARGET = 17.5;
				LOCALIZATION_PREFERS_STRING_CATALOGS = YES;
				MTL_ENABLE_DEBUG_INFO = INCLUDE_SOURCE;
				MTL_FAST_MATH = YES;
				ONLY_ACTIVE_ARCH = YES;
				SDKROOT = iphoneos;
			};
			name = Debug;
		};
		ABB17BFF2C9420AB0078FDA2 /* Release */ = {
			isa = XCBuildConfiguration;
			buildSettings = {
				ALWAYS_SEARCH_USER_PATHS = NO;
				ASSETCATALOG_COMPILER_GENERATE_SWIFT_ASSET_SYMBOL_EXTENSIONS = YES;
				CLANG_ANALYZER_NONNULL = YES;
				CLANG_ANALYZER_NUMBER_OBJECT_CONVERSION = YES_AGGRESSIVE;
				CLANG_CXX_LANGUAGE_STANDARD = "gnu++20";
				CLANG_ENABLE_MODULES = YES;
				CLANG_ENABLE_OBJC_ARC = YES;
				CLANG_ENABLE_OBJC_WEAK = YES;
				CLANG_WARN_BLOCK_CAPTURE_AUTORELEASING = YES;
				CLANG_WARN_BOOL_CONVERSION = YES;
				CLANG_WARN_COMMA = YES;
				CLANG_WARN_CONSTANT_CONVERSION = YES;
				CLANG_WARN_DEPRECATED_OBJC_IMPLEMENTATIONS = YES;
				CLANG_WARN_DIRECT_OBJC_ISA_USAGE = YES_ERROR;
				CLANG_WARN_DOCUMENTATION_COMMENTS = YES;
				CLANG_WARN_EMPTY_BODY = YES;
				CLANG_WARN_ENUM_CONVERSION = YES;
				CLANG_WARN_INFINITE_RECURSION = YES;
				CLANG_WARN_INT_CONVERSION = YES;
				CLANG_WARN_NON_LITERAL_NULL_CONVERSION = YES;
				CLANG_WARN_OBJC_IMPLICIT_RETAIN_SELF = YES;
				CLANG_WARN_OBJC_LITERAL_CONVERSION = YES;
				CLANG_WARN_OBJC_ROOT_CLASS = YES_ERROR;
				CLANG_WARN_QUOTED_INCLUDE_IN_FRAMEWORK_HEADER = YES;
				CLANG_WARN_RANGE_LOOP_ANALYSIS = YES;
				CLANG_WARN_STRICT_PROTOTYPES = YES;
				CLANG_WARN_SUSPICIOUS_MOVE = YES;
				CLANG_WARN_UNGUARDED_AVAILABILITY = YES_AGGRESSIVE;
				CLANG_WARN_UNREACHABLE_CODE = YES;
				CLANG_WARN__DUPLICATE_METHOD_MATCH = YES;
				COPY_PHASE_STRIP = NO;
				DEBUG_INFORMATION_FORMAT = "dwarf-with-dsym";
				ENABLE_NS_ASSERTIONS = NO;
				ENABLE_STRICT_OBJC_MSGSEND = YES;
				ENABLE_USER_SCRIPT_SANDBOXING = NO;
				GCC_C_LANGUAGE_STANDARD = gnu17;
				GCC_NO_COMMON_BLOCKS = YES;
				GCC_WARN_64_TO_32_BIT_CONVERSION = YES;
				GCC_WARN_ABOUT_RETURN_TYPE = YES_ERROR;
				GCC_WARN_UNDECLARED_SELECTOR = YES;
				GCC_WARN_UNINITIALIZED_AUTOS = YES_AGGRESSIVE;
				GCC_WARN_UNUSED_FUNCTION = YES;
				GCC_WARN_UNUSED_VARIABLE = YES;
				IPHONEOS_DEPLOYMENT_TARGET = 17.5;
				LOCALIZATION_PREFERS_STRING_CATALOGS = YES;
				MTL_ENABLE_DEBUG_INFO = NO;
				MTL_FAST_MATH = YES;
				SDKROOT = iphoneos;
				VALIDATE_PRODUCT = YES;
			};
			name = Release;
		};
		ABB17C012C9420AB0078FDA2 /* Debug */ = {
			isa = XCBuildConfiguration;
			baseConfigurationReference = B2BADB52499433E82B4F4B28 /* Pods-test_usercmp.debug.xcconfig */;
			buildSettings = {
				ASSETCATALOG_COMPILER_APPICON_NAME = AppIcon;
				ASSETCATALOG_COMPILER_GLOBAL_ACCENT_COLOR_NAME = AccentColor;
				CLANG_ENABLE_MODULES = YES;
				CODE_SIGN_STYLE = Manual;
				CURRENT_PROJECT_VERSION = 1;
				DEVELOPMENT_TEAM = "";
				GENERATE_INFOPLIST_FILE = YES;
				INFOPLIST_FILE = test_usercmp/Info.plist;
				INFOPLIST_KEY_UIApplicationSupportsIndirectInputEvents = YES;
				INFOPLIST_KEY_UILaunchStoryboardName = LaunchScreen;
				INFOPLIST_KEY_UIMainStoryboardFile = Main;
				INFOPLIST_KEY_UISupportedInterfaceOrientations_iPad = "UIInterfaceOrientationPortrait UIInterfaceOrientationPortraitUpsideDown UIInterfaceOrientationLandscapeLeft UIInterfaceOrientationLandscapeRight";
				INFOPLIST_KEY_UISupportedInterfaceOrientations_iPhone = "UIInterfaceOrientationPortrait UIInterfaceOrientationLandscapeLeft UIInterfaceOrientationLandscapeRight";
				IPHONEOS_DEPLOYMENT_TARGET = 12.0;
				LD_RUNPATH_SEARCH_PATHS = (
					"$(inherited)",
					"@executable_path/Frameworks",
				);
				MARKETING_VERSION = 1.0;
				PRODUCT_BUNDLE_IDENTIFIER = "com.happygames.test-usercmp";
				PRODUCT_NAME = "$(TARGET_NAME)";
				PROVISIONING_PROFILE_SPECIFIER = "";
				SWIFT_EMIT_LOC_STRINGS = YES;
				SWIFT_OBJC_BRIDGING_HEADER = "test_usercmp/test_usercmp-Bridging-Header.h";
				SWIFT_OPTIMIZATION_LEVEL = "-Onone";
				SWIFT_VERSION = 5.0;
				TARGETED_DEVICE_FAMILY = "1,2";
			};
			name = Debug;
		};
		ABB17C022C9420AB0078FDA2 /* Release */ = {
			isa = XCBuildConfiguration;
			baseConfigurationReference = F85B81D98198859831C7290C /* Pods-test_usercmp.release.xcconfig */;
			buildSettings = {
				ASSETCATALOG_COMPILER_APPICON_NAME = AppIcon;
				ASSETCATALOG_COMPILER_GLOBAL_ACCENT_COLOR_NAME = AccentColor;
				CLANG_ENABLE_MODULES = YES;
				CODE_SIGN_STYLE = Manual;
				CURRENT_PROJECT_VERSION = 1;
				DEVELOPMENT_TEAM = "";
				GENERATE_INFOPLIST_FILE = YES;
				INFOPLIST_FILE = test_usercmp/Info.plist;
				INFOPLIST_KEY_UIApplicationSupportsIndirectInputEvents = YES;
				INFOPLIST_KEY_UILaunchStoryboardName = LaunchScreen;
				INFOPLIST_KEY_UIMainStoryboardFile = Main;
				INFOPLIST_KEY_UISupportedInterfaceOrientations_iPad = "UIInterfaceOrientationPortrait UIInterfaceOrientationPortraitUpsideDown UIInterfaceOrientationLandscapeLeft UIInterfaceOrientationLandscapeRight";
				INFOPLIST_KEY_UISupportedInterfaceOrientations_iPhone = "UIInterfaceOrientationPortrait UIInterfaceOrientationLandscapeLeft UIInterfaceOrientationLandscapeRight";
				IPHONEOS_DEPLOYMENT_TARGET = 12.0;
				LD_RUNPATH_SEARCH_PATHS = (
					"$(inherited)",
					"@executable_path/Frameworks",
				);
				MARKETING_VERSION = 1.0;
				PRODUCT_BUNDLE_IDENTIFIER = "com.happygames.test-usercmp";
				PRODUCT_NAME = "$(TARGET_NAME)";
				PROVISIONING_PROFILE_SPECIFIER = "";
				SWIFT_EMIT_LOC_STRINGS = YES;
				SWIFT_OBJC_BRIDGING_HEADER = "test_usercmp/test_usercmp-Bridging-Header.h";
				SWIFT_VERSION = 5.0;
				TARGETED_DEVICE_FAMILY = "1,2";
			};
			name = Release;
		};
/* End XCBuildConfiguration section */

/* Begin XCConfigurationList section */
		ABB17BE22C9420A90078FDA2 /* Build configuration list for PBXProject "test_usercmp" */ = {
			isa = XCConfigurationList;
			buildConfigurations = (
				ABB17BFE2C9420AB0078FDA2 /* Debug */,
				ABB17BFF2C9420AB0078FDA2 /* Release */,
			);
			defaultConfigurationIsVisible = 0;
			defaultConfigurationName = Release;
		};
		ABB17C002C9420AB0078FDA2 /* Build configuration list for PBXNativeTarget "test_usercmp" */ = {
			isa = XCConfigurationList;
			buildConfigurations = (
				ABB17C012C9420AB0078FDA2 /* Debug */,
				ABB17C022C9420AB0078FDA2 /* Release */,
			);
			defaultConfigurationIsVisible = 0;
			defaultConfigurationName = Release;
		};
/* End XCConfigurationList section */
	};
	rootObject = ABB17BDF2C9420A90078FDA2 /* Project object */;
}
